// !$*UTF8*$!
{
	archiveVersion = 1;
	classes = {
	};
	objectVersion = 50;
	objects = {

/* Begin PBXBuildFile section */
		84681FA721BFA34200FF8051 /* cpp_generator.cc in Sources */ = {isa = PBXBuildFile; fileRef = 84681F9F21BFA34200FF8051 /* cpp_generator.cc */; };
		84681FA821BFA34200FF8051 /* java_generator.cc in Sources */ = {isa = PBXBuildFile; fileRef = 84681FA221BFA34200FF8051 /* java_generator.cc */; };
		84681FA921BFA34200FF8051 /* go_generator.cc in Sources */ = {isa = PBXBuildFile; fileRef = 84681FA621BFA34200FF8051 /* go_generator.cc */; };
		84681FBD21BFA34900FF8051 /* flatc_main.cpp in Sources */ = {isa = PBXBuildFile; fileRef = 84681FAB21BFA34800FF8051 /* flatc_main.cpp */; };
		84681FBE21BFA34900FF8051 /* idl_gen_php.cpp in Sources */ = {isa = PBXBuildFile; fileRef = 84681FAC21BFA34800FF8051 /* idl_gen_php.cpp */; };
		84681FBF21BFA34900FF8051 /* util.cpp in Sources */ = {isa = PBXBuildFile; fileRef = 84681FAD21BFA34800FF8051 /* util.cpp */; };
		84681FC021BFA34900FF8051 /* idl_gen_general.cpp in Sources */ = {isa = PBXBuildFile; fileRef = 84681FAE21BFA34800FF8051 /* idl_gen_general.cpp */; };
		84681FC121BFA34900FF8051 /* flathash.cpp in Sources */ = {isa = PBXBuildFile; fileRef = 84681FAF21BFA34800FF8051 /* flathash.cpp */; };
		84681FC221BFA34900FF8051 /* idl_gen_python.cpp in Sources */ = {isa = PBXBuildFile; fileRef = 84681FB021BFA34800FF8051 /* idl_gen_python.cpp */; };
		84681FC321BFA34900FF8051 /* idl_gen_go.cpp in Sources */ = {isa = PBXBuildFile; fileRef = 84681FB121BFA34800FF8051 /* idl_gen_go.cpp */; };
		84681FC421BFA34900FF8051 /* idl_gen_grpc.cpp in Sources */ = {isa = PBXBuildFile; fileRef = 84681FB221BFA34800FF8051 /* idl_gen_grpc.cpp */; };
		84681FC521BFA34900FF8051 /* flatc.cpp in Sources */ = {isa = PBXBuildFile; fileRef = 84681FB321BFA34800FF8051 /* flatc.cpp */; };
		84681FC621BFA34900FF8051 /* idl_gen_json_schema.cpp in Sources */ = {isa = PBXBuildFile; fileRef = 84681FB421BFA34800FF8051 /* idl_gen_json_schema.cpp */; };
		84681FC721BFA34900FF8051 /* code_generators.cpp in Sources */ = {isa = PBXBuildFile; fileRef = 84681FB521BFA34800FF8051 /* code_generators.cpp */; };
		84681FC821BFA34900FF8051 /* idl_parser.cpp in Sources */ = {isa = PBXBuildFile; fileRef = 84681FB621BFA34800FF8051 /* idl_parser.cpp */; };
		84681FC921BFA34900FF8051 /* idl_gen_js.cpp in Sources */ = {isa = PBXBuildFile; fileRef = 84681FB721BFA34800FF8051 /* idl_gen_js.cpp */; };
		84681FCA21BFA34900FF8051 /* reflection.cpp in Sources */ = {isa = PBXBuildFile; fileRef = 84681FB921BFA34800FF8051 /* reflection.cpp */; };
		84681FCB21BFA34900FF8051 /* idl_gen_text.cpp in Sources */ = {isa = PBXBuildFile; fileRef = 84681FBA21BFA34800FF8051 /* idl_gen_text.cpp */; };
		84681FCC21BFA34900FF8051 /* idl_gen_cpp.cpp in Sources */ = {isa = PBXBuildFile; fileRef = 84681FBB21BFA34800FF8051 /* idl_gen_cpp.cpp */; };
		84681FCD21BFA34900FF8051 /* idl_gen_fbs.cpp in Sources */ = {isa = PBXBuildFile; fileRef = 84681FBC21BFA34800FF8051 /* idl_gen_fbs.cpp */; };
/* End PBXBuildFile section */

/* Begin PBXCopyFilesBuildPhase section */
		84681F7F21BFA2BC00FF8051 /* CopyFiles */ = {
			isa = PBXCopyFilesBuildPhase;
			buildActionMask = 2147483647;
			dstPath = /usr/share/man/man1/;
			dstSubfolderSpec = 0;
			files = (
			);
			runOnlyForDeploymentPostprocessing = 1;
		};
/* End PBXCopyFilesBuildPhase section */

/* Begin PBXFileReference section */
		84681F8121BFA2BC00FF8051 /* flatc */ = {isa = PBXFileReference; explicitFileType = "compiled.mach-o.executable"; includeInIndex = 0; path = flatc; sourceTree = BUILT_PRODUCTS_DIR; };
		84681F8D21BFA34200FF8051 /* grpc.h */ = {isa = PBXFileReference; fileEncoding = 4; lastKnownFileType = sourcecode.c.h; path = grpc.h; sourceTree = "<group>"; };
		84681F8E21BFA34200FF8051 /* idl.h */ = {isa = PBXFileReference; fileEncoding = 4; lastKnownFileType = sourcecode.c.h; path = idl.h; sourceTree = "<group>"; };
		84681F8F21BFA34200FF8051 /* lwn_debug.h */ = {isa = PBXFileReference; fileEncoding = 4; lastKnownFileType = sourcecode.c.h; path = lwn_debug.h; sourceTree = "<group>"; };
		84681F9021BFA34200FF8051 /* reflection_generated.h */ = {isa = PBXFileReference; fileEncoding = 4; lastKnownFileType = sourcecode.c.h; path = reflection_generated.h; sourceTree = "<group>"; };
		84681F9121BFA34200FF8051 /* registry.h */ = {isa = PBXFileReference; fileEncoding = 4; lastKnownFileType = sourcecode.c.h; path = registry.h; sourceTree = "<group>"; };
		84681F9221BFA34200FF8051 /* flatbuffers.h */ = {isa = PBXFileReference; fileEncoding = 4; lastKnownFileType = sourcecode.c.h; path = flatbuffers.h; sourceTree = "<group>"; };
		84681F9321BFA34200FF8051 /* flatc.h */ = {isa = PBXFileReference; fileEncoding = 4; lastKnownFileType = sourcecode.c.h; path = flatc.h; sourceTree = "<group>"; };
		84681F9421BFA34200FF8051 /* flexbuffers.h */ = {isa = PBXFileReference; fileEncoding = 4; lastKnownFileType = sourcecode.c.h; path = flexbuffers.h; sourceTree = "<group>"; };
		84681F9521BFA34200FF8051 /* minireflect.h */ = {isa = PBXFileReference; fileEncoding = 4; lastKnownFileType = sourcecode.c.h; path = minireflect.h; sourceTree = "<group>"; };
		84681F9621BFA34200FF8051 /* util.h */ = {isa = PBXFileReference; fileEncoding = 4; lastKnownFileType = sourcecode.c.h; path = util.h; sourceTree = "<group>"; };
		84681F9721BFA34200FF8051 /* code_generators.h */ = {isa = PBXFileReference; fileEncoding = 4; lastKnownFileType = sourcecode.c.h; path = code_generators.h; sourceTree = "<group>"; };
		84681F9821BFA34200FF8051 /* stl_emulation.h */ = {isa = PBXFileReference; fileEncoding = 4; lastKnownFileType = sourcecode.c.h; path = stl_emulation.h; sourceTree = "<group>"; };
		84681F9921BFA34200FF8051 /* hash.h */ = {isa = PBXFileReference; fileEncoding = 4; lastKnownFileType = sourcecode.c.h; path = hash.h; sourceTree = "<group>"; };
		84681F9A21BFA34200FF8051 /* reflection.h */ = {isa = PBXFileReference; fileEncoding = 4; lastKnownFileType = sourcecode.c.h; path = reflection.h; sourceTree = "<group>"; };
		84681F9B21BFA34200FF8051 /* base.h */ = {isa = PBXFileReference; fileEncoding = 4; lastKnownFileType = sourcecode.c.h; path = base.h; sourceTree = "<group>"; };
		84681F9F21BFA34200FF8051 /* cpp_generator.cc */ = {isa = PBXFileReference; fileEncoding = 4; lastKnownFileType = sourcecode.cpp.cpp; path = cpp_generator.cc; sourceTree = "<group>"; };
		84681FA021BFA34200FF8051 /* config.h */ = {isa = PBXFileReference; fileEncoding = 4; lastKnownFileType = sourcecode.c.h; path = config.h; sourceTree = "<group>"; };
		84681FA121BFA34200FF8051 /* cpp_generator.h */ = {isa = PBXFileReference; fileEncoding = 4; lastKnownFileType = sourcecode.c.h; path = cpp_generator.h; sourceTree = "<group>"; };
		84681FA221BFA34200FF8051 /* java_generator.cc */ = {isa = PBXFileReference; fileEncoding = 4; lastKnownFileType = sourcecode.cpp.cpp; path = java_generator.cc; sourceTree = "<group>"; };
		84681FA321BFA34200FF8051 /* schema_interface.h */ = {isa = PBXFileReference; fileEncoding = 4; lastKnownFileType = sourcecode.c.h; path = schema_interface.h; sourceTree = "<group>"; };
		84681FA421BFA34200FF8051 /* go_generator.h */ = {isa = PBXFileReference; fileEncoding = 4; lastKnownFileType = sourcecode.c.h; path = go_generator.h; sourceTree = "<group>"; };
		84681FA521BFA34200FF8051 /* java_generator.h */ = {isa = PBXFileReference; fileEncoding = 4; lastKnownFileType = sourcecode.c.h; path = java_generator.h; sourceTree = "<group>"; };
		84681FA621BFA34200FF8051 /* go_generator.cc */ = {isa = PBXFileReference; fileEncoding = 4; lastKnownFileType = sourcecode.cpp.cpp; path = go_generator.cc; sourceTree = "<group>"; };
		84681FAB21BFA34800FF8051 /* flatc_main.cpp */ = {isa = PBXFileReference; fileEncoding = 4; lastKnownFileType = sourcecode.cpp.cpp; path = flatc_main.cpp; sourceTree = "<group>"; };
		84681FAC21BFA34800FF8051 /* idl_gen_php.cpp */ = {isa = PBXFileReference; fileEncoding = 4; lastKnownFileType = sourcecode.cpp.cpp; path = idl_gen_php.cpp; sourceTree = "<group>"; };
		84681FAD21BFA34800FF8051 /* util.cpp */ = {isa = PBXFileReference; fileEncoding = 4; lastKnownFileType = sourcecode.cpp.cpp; path = util.cpp; sourceTree = "<group>"; };
		84681FAE21BFA34800FF8051 /* idl_gen_general.cpp */ = {isa = PBXFileReference; fileEncoding = 4; lastKnownFileType = sourcecode.cpp.cpp; path = idl_gen_general.cpp; sourceTree = "<group>"; };
		84681FAF21BFA34800FF8051 /* flathash.cpp */ = {isa = PBXFileReference; fileEncoding = 4; lastKnownFileType = sourcecode.cpp.cpp; path = flathash.cpp; sourceTree = "<group>"; };
		84681FB021BFA34800FF8051 /* idl_gen_python.cpp */ = {isa = PBXFileReference; fileEncoding = 4; lastKnownFileType = sourcecode.cpp.cpp; path = idl_gen_python.cpp; sourceTree = "<group>"; };
		84681FB121BFA34800FF8051 /* idl_gen_go.cpp */ = {isa = PBXFileReference; fileEncoding = 4; lastKnownFileType = sourcecode.cpp.cpp; path = idl_gen_go.cpp; sourceTree = "<group>"; };
		84681FB221BFA34800FF8051 /* idl_gen_grpc.cpp */ = {isa = PBXFileReference; fileEncoding = 4; lastKnownFileType = sourcecode.cpp.cpp; path = idl_gen_grpc.cpp; sourceTree = "<group>"; };
		84681FB321BFA34800FF8051 /* flatc.cpp */ = {isa = PBXFileReference; fileEncoding = 4; lastKnownFileType = sourcecode.cpp.cpp; path = flatc.cpp; sourceTree = "<group>"; };
		84681FB421BFA34800FF8051 /* idl_gen_json_schema.cpp */ = {isa = PBXFileReference; fileEncoding = 4; lastKnownFileType = sourcecode.cpp.cpp; path = idl_gen_json_schema.cpp; sourceTree = "<group>"; };
		84681FB521BFA34800FF8051 /* code_generators.cpp */ = {isa = PBXFileReference; fileEncoding = 4; lastKnownFileType = sourcecode.cpp.cpp; path = code_generators.cpp; sourceTree = "<group>"; };
		84681FB621BFA34800FF8051 /* idl_parser.cpp */ = {isa = PBXFileReference; fileEncoding = 4; lastKnownFileType = sourcecode.cpp.cpp; path = idl_parser.cpp; sourceTree = "<group>"; };
		84681FB721BFA34800FF8051 /* idl_gen_js.cpp */ = {isa = PBXFileReference; fileEncoding = 4; lastKnownFileType = sourcecode.cpp.cpp; path = idl_gen_js.cpp; sourceTree = "<group>"; };
		84681FB821BFA34800FF8051 /* clang-format.sh */ = {isa = PBXFileReference; fileEncoding = 4; lastKnownFileType = text.script.sh; path = "clang-format.sh"; sourceTree = "<group>"; };
		84681FB921BFA34800FF8051 /* reflection.cpp */ = {isa = PBXFileReference; fileEncoding = 4; lastKnownFileType = sourcecode.cpp.cpp; path = reflection.cpp; sourceTree = "<group>"; };
		84681FBA21BFA34800FF8051 /* idl_gen_text.cpp */ = {isa = PBXFileReference; fileEncoding = 4; lastKnownFileType = sourcecode.cpp.cpp; path = idl_gen_text.cpp; sourceTree = "<group>"; };
		84681FBB21BFA34800FF8051 /* idl_gen_cpp.cpp */ = {isa = PBXFileReference; fileEncoding = 4; lastKnownFileType = sourcecode.cpp.cpp; path = idl_gen_cpp.cpp; sourceTree = "<group>"; };
		84681FBC21BFA34800FF8051 /* idl_gen_fbs.cpp */ = {isa = PBXFileReference; fileEncoding = 4; lastKnownFileType = sourcecode.cpp.cpp; path = idl_gen_fbs.cpp; sourceTree = "<group>"; };
/* End PBXFileReference section */

/* Begin PBXFrameworksBuildPhase section */
		84681F7E21BFA2BC00FF8051 /* Frameworks */ = {
			isa = PBXFrameworksBuildPhase;
			buildActionMask = 2147483647;
			files = (
			);
			runOnlyForDeploymentPostprocessing = 0;
		};
/* End PBXFrameworksBuildPhase section */

/* Begin PBXGroup section */
		84681F7821BFA2BC00FF8051 = {
			isa = PBXGroup;
			children = (
				84681FAA21BFA34800FF8051 /* src */,
				84681F9C21BFA34200FF8051 /* grpc */,
				84681F8B21BFA34200FF8051 /* include */,
				84681F8221BFA2BC00FF8051 /* Products */,
			);
			sourceTree = "<group>";
		};
		84681F8221BFA2BC00FF8051 /* Products */ = {
			isa = PBXGroup;
			children = (
				84681F8121BFA2BC00FF8051 /* flatc */,
			);
			name = Products;
			sourceTree = "<group>";
		};
		84681F8B21BFA34200FF8051 /* include */ = {
			isa = PBXGroup;
			children = (
				84681F8C21BFA34200FF8051 /* flatbuffers */,
			);
			path = include;
			sourceTree = "<group>";
		};
		84681F8C21BFA34200FF8051 /* flatbuffers */ = {
			isa = PBXGroup;
			children = (
				84681F8D21BFA34200FF8051 /* grpc.h */,
				84681F8E21BFA34200FF8051 /* idl.h */,
				84681F8F21BFA34200FF8051 /* lwn_debug.h */,
				84681F9021BFA34200FF8051 /* reflection_generated.h */,
				84681F9121BFA34200FF8051 /* registry.h */,
				84681F9221BFA34200FF8051 /* flatbuffers.h */,
				84681F9321BFA34200FF8051 /* flatc.h */,
				84681F9421BFA34200FF8051 /* flexbuffers.h */,
				84681F9521BFA34200FF8051 /* minireflect.h */,
				84681F9621BFA34200FF8051 /* util.h */,
				84681F9721BFA34200FF8051 /* code_generators.h */,
				84681F9821BFA34200FF8051 /* stl_emulation.h */,
				84681F9921BFA34200FF8051 /* hash.h */,
				84681F9A21BFA34200FF8051 /* reflection.h */,
				84681F9B21BFA34200FF8051 /* base.h */,
			);
			path = flatbuffers;
			sourceTree = "<group>";
		};
		84681F9C21BFA34200FF8051 /* grpc */ = {
			isa = PBXGroup;
			children = (
				84681F9D21BFA34200FF8051 /* src */,
			);
			path = grpc;
			sourceTree = "<group>";
		};
		84681F9D21BFA34200FF8051 /* src */ = {
			isa = PBXGroup;
			children = (
				84681F9E21BFA34200FF8051 /* compiler */,
			);
			path = src;
			sourceTree = "<group>";
		};
		84681F9E21BFA34200FF8051 /* compiler */ = {
			isa = PBXGroup;
			children = (
				84681F9F21BFA34200FF8051 /* cpp_generator.cc */,
				84681FA021BFA34200FF8051 /* config.h */,
				84681FA121BFA34200FF8051 /* cpp_generator.h */,
				84681FA221BFA34200FF8051 /* java_generator.cc */,
				84681FA321BFA34200FF8051 /* schema_interface.h */,
				84681FA421BFA34200FF8051 /* go_generator.h */,
				84681FA521BFA34200FF8051 /* java_generator.h */,
				84681FA621BFA34200FF8051 /* go_generator.cc */,
			);
			path = compiler;
			sourceTree = "<group>";
		};
		84681FAA21BFA34800FF8051 /* src */ = {
			isa = PBXGroup;
			children = (
				84681FAB21BFA34800FF8051 /* flatc_main.cpp */,
				84681FAC21BFA34800FF8051 /* idl_gen_php.cpp */,
				84681FAD21BFA34800FF8051 /* util.cpp */,
				84681FAE21BFA34800FF8051 /* idl_gen_general.cpp */,
				84681FAF21BFA34800FF8051 /* flathash.cpp */,
				84681FB021BFA34800FF8051 /* idl_gen_python.cpp */,
				84681FB121BFA34800FF8051 /* idl_gen_go.cpp */,
				84681FB221BFA34800FF8051 /* idl_gen_grpc.cpp */,
				84681FB321BFA34800FF8051 /* flatc.cpp */,
				84681FB421BFA34800FF8051 /* idl_gen_json_schema.cpp */,
				84681FB521BFA34800FF8051 /* code_generators.cpp */,
				84681FB621BFA34800FF8051 /* idl_parser.cpp */,
				84681FB721BFA34800FF8051 /* idl_gen_js.cpp */,
				84681FB821BFA34800FF8051 /* clang-format.sh */,
				84681FB921BFA34800FF8051 /* reflection.cpp */,
				84681FBA21BFA34800FF8051 /* idl_gen_text.cpp */,
				84681FBB21BFA34800FF8051 /* idl_gen_cpp.cpp */,
				84681FBC21BFA34800FF8051 /* idl_gen_fbs.cpp */,
			);
			path = src;
			sourceTree = "<group>";
		};
/* End PBXGroup section */

/* Begin PBXNativeTarget section */
		84681F8021BFA2BC00FF8051 /* Flatbuffers */ = {
			isa = PBXNativeTarget;
			buildConfigurationList = 84681F8821BFA2BC00FF8051 /* Build configuration list for PBXNativeTarget "Flatbuffers" */;
			buildPhases = (
				84681F7D21BFA2BC00FF8051 /* Sources */,
				84681F7E21BFA2BC00FF8051 /* Frameworks */,
				84681F7F21BFA2BC00FF8051 /* CopyFiles */,
			);
			buildRules = (
			);
			dependencies = (
			);
			name = Flatbuffers;
			productName = Flatbuffers;
			productReference = 84681F8121BFA2BC00FF8051 /* flatc */;
			productType = "com.apple.product-type.tool";
		};
/* End PBXNativeTarget section */

/* Begin PBXProject section */
		84681F7921BFA2BC00FF8051 /* Project object */ = {
			isa = PBXProject;
			attributes = {
				LastUpgradeCheck = 1000;
				ORGANIZATIONNAME = lwn;
				TargetAttributes = {
					84681F8021BFA2BC00FF8051 = {
						CreatedOnToolsVersion = 10.0;
					};
				};
			};
			buildConfigurationList = 84681F7C21BFA2BC00FF8051 /* Build configuration list for PBXProject "Flatbuffers" */;
			compatibilityVersion = "Xcode 9.3";
			developmentRegion = en;
			hasScannedForEncodings = 0;
			knownRegions = (
				en,
			);
			mainGroup = 84681F7821BFA2BC00FF8051;
			productRefGroup = 84681F8221BFA2BC00FF8051 /* Products */;
			projectDirPath = "";
			projectRoot = "";
			targets = (
				84681F8021BFA2BC00FF8051 /* Flatbuffers */,
			);
		};
/* End PBXProject section */

/* Begin PBXSourcesBuildPhase section */
		84681F7D21BFA2BC00FF8051 /* Sources */ = {
			isa = PBXSourcesBuildPhase;
			buildActionMask = 2147483647;
			files = (
				84681FC521BFA34900FF8051 /* flatc.cpp in Sources */,
				84681FC221BFA34900FF8051 /* idl_gen_python.cpp in Sources */,
				84681FC621BFA34900FF8051 /* idl_gen_json_schema.cpp in Sources */,
				84681FC121BFA34900FF8051 /* flathash.cpp in Sources */,
				84681FA921BFA34200FF8051 /* go_generator.cc in Sources */,
				84681FBD21BFA34900FF8051 /* flatc_main.cpp in Sources */,
				84681FA721BFA34200FF8051 /* cpp_generator.cc in Sources */,
				84681FCB21BFA34900FF8051 /* idl_gen_text.cpp in Sources */,
				84681FCD21BFA34900FF8051 /* idl_gen_fbs.cpp in Sources */,
				84681FC021BFA34900FF8051 /* idl_gen_general.cpp in Sources */,
				84681FC721BFA34900FF8051 /* code_generators.cpp in Sources */,
				84681FA821BFA34200FF8051 /* java_generator.cc in Sources */,
				84681FBE21BFA34900FF8051 /* idl_gen_php.cpp in Sources */,
				84681FCC21BFA34900FF8051 /* idl_gen_cpp.cpp in Sources */,
				84681FC821BFA34900FF8051 /* idl_parser.cpp in Sources */,
				84681FC321BFA34900FF8051 /* idl_gen_go.cpp in Sources */,
				84681FCA21BFA34900FF8051 /* reflection.cpp in Sources */,
				84681FC921BFA34900FF8051 /* idl_gen_js.cpp in Sources */,
				84681FBF21BFA34900FF8051 /* util.cpp in Sources */,
				84681FC421BFA34900FF8051 /* idl_gen_grpc.cpp in Sources */,
			);
			runOnlyForDeploymentPostprocessing = 0;
		};
/* End PBXSourcesBuildPhase section */

/* Begin XCBuildConfiguration section */
		84681F8621BFA2BC00FF8051 /* Debug */ = {
			isa = XCBuildConfiguration;
			buildSettings = {
				ALWAYS_SEARCH_USER_PATHS = NO;
				CLANG_ANALYZER_NONNULL = YES;
				CLANG_ANALYZER_NUMBER_OBJECT_CONVERSION = YES_AGGRESSIVE;
				CLANG_CXX_LANGUAGE_STANDARD = "gnu++14";
				CLANG_CXX_LIBRARY = "libc++";
				CLANG_ENABLE_MODULES = YES;
				CLANG_ENABLE_OBJC_ARC = YES;
				CLANG_ENABLE_OBJC_WEAK = YES;
				CLANG_WARN_BLOCK_CAPTURE_AUTORELEASING = YES;
				CLANG_WARN_BOOL_CONVERSION = YES;
				CLANG_WARN_COMMA = YES;
				CLANG_WARN_CONSTANT_CONVERSION = YES;
				CLANG_WARN_DEPRECATED_OBJC_IMPLEMENTATIONS = YES;
				CLANG_WARN_DIRECT_OBJC_ISA_USAGE = YES_ERROR;
				CLANG_WARN_DOCUMENTATION_COMMENTS = YES;
				CLANG_WARN_EMPTY_BODY = YES;
				CLANG_WARN_ENUM_CONVERSION = YES;
				CLANG_WARN_INFINITE_RECURSION = YES;
				CLANG_WARN_INT_CONVERSION = YES;
				CLANG_WARN_NON_LITERAL_NULL_CONVERSION = YES;
				CLANG_WARN_OBJC_IMPLICIT_RETAIN_SELF = YES;
				CLANG_WARN_OBJC_LITERAL_CONVERSION = YES;
				CLANG_WARN_OBJC_ROOT_CLASS = YES_ERROR;
				CLANG_WARN_RANGE_LOOP_ANALYSIS = YES;
				CLANG_WARN_STRICT_PROTOTYPES = YES;
				CLANG_WARN_SUSPICIOUS_MOVE = YES;
				CLANG_WARN_UNGUARDED_AVAILABILITY = YES_AGGRESSIVE;
				CLANG_WARN_UNREACHABLE_CODE = YES;
				CLANG_WARN__DUPLICATE_METHOD_MATCH = YES;
				CODE_SIGN_IDENTITY = "-";
				COPY_PHASE_STRIP = NO;
				DEBUG_INFORMATION_FORMAT = dwarf;
				ENABLE_STRICT_OBJC_MSGSEND = YES;
				ENABLE_TESTABILITY = YES;
				GCC_C_LANGUAGE_STANDARD = gnu11;
				GCC_DYNAMIC_NO_PIC = NO;
				GCC_NO_COMMON_BLOCKS = YES;
				GCC_OPTIMIZATION_LEVEL = 0;
				GCC_PREPROCESSOR_DEFINITIONS = (
					"DEBUG=1",
					"$(inherited)",
				);
				GCC_WARN_64_TO_32_BIT_CONVERSION = YES;
				GCC_WARN_ABOUT_RETURN_TYPE = YES_ERROR;
				GCC_WARN_UNDECLARED_SELECTOR = YES;
				GCC_WARN_UNINITIALIZED_AUTOS = YES_AGGRESSIVE;
				GCC_WARN_UNUSED_FUNCTION = YES;
				GCC_WARN_UNUSED_VARIABLE = YES;
				MACOSX_DEPLOYMENT_TARGET = 10.14;
				MTL_ENABLE_DEBUG_INFO = INCLUDE_SOURCE;
				MTL_FAST_MATH = YES;
				ONLY_ACTIVE_ARCH = YES;
				SDKROOT = macosx;
			};
			name = Debug;
		};
		84681F8721BFA2BC00FF8051 /* Release */ = {
			isa = XCBuildConfiguration;
			buildSettings = {
				ALWAYS_SEARCH_USER_PATHS = NO;
				CLANG_ANALYZER_NONNULL = YES;
				CLANG_ANALYZER_NUMBER_OBJECT_CONVERSION = YES_AGGRESSIVE;
				CLANG_CXX_LANGUAGE_STANDARD = "gnu++14";
				CLANG_CXX_LIBRARY = "libc++";
				CLANG_ENABLE_MODULES = YES;
				CLANG_ENABLE_OBJC_ARC = YES;
				CLANG_ENABLE_OBJC_WEAK = YES;
				CLANG_WARN_BLOCK_CAPTURE_AUTORELEASING = YES;
				CLANG_WARN_BOOL_CONVERSION = YES;
				CLANG_WARN_COMMA = YES;
				CLANG_WARN_CONSTANT_CONVERSION = YES;
				CLANG_WARN_DEPRECATED_OBJC_IMPLEMENTATIONS = YES;
				CLANG_WARN_DIRECT_OBJC_ISA_USAGE = YES_ERROR;
				CLANG_WARN_DOCUMENTATION_COMMENTS = YES;
				CLANG_WARN_EMPTY_BODY = YES;
				CLANG_WARN_ENUM_CONVERSION = YES;
				CLANG_WARN_INFINITE_RECURSION = YES;
				CLANG_WARN_INT_CONVERSION = YES;
				CLANG_WARN_NON_LITERAL_NULL_CONVERSION = YES;
				CLANG_WARN_OBJC_IMPLICIT_RETAIN_SELF = YES;
				CLANG_WARN_OBJC_LITERAL_CONVERSION = YES;
				CLANG_WARN_OBJC_ROOT_CLASS = YES_ERROR;
				CLANG_WARN_RANGE_LOOP_ANALYSIS = YES;
				CLANG_WARN_STRICT_PROTOTYPES = YES;
				CLANG_WARN_SUSPICIOUS_MOVE = YES;
				CLANG_WARN_UNGUARDED_AVAILABILITY = YES_AGGRESSIVE;
				CLANG_WARN_UNREACHABLE_CODE = YES;
				CLANG_WARN__DUPLICATE_METHOD_MATCH = YES;
				CODE_SIGN_IDENTITY = "-";
				COPY_PHASE_STRIP = NO;
				DEBUG_INFORMATION_FORMAT = "dwarf-with-dsym";
				ENABLE_NS_ASSERTIONS = NO;
				ENABLE_STRICT_OBJC_MSGSEND = YES;
				GCC_C_LANGUAGE_STANDARD = gnu11;
				GCC_NO_COMMON_BLOCKS = YES;
				GCC_WARN_64_TO_32_BIT_CONVERSION = YES;
				GCC_WARN_ABOUT_RETURN_TYPE = YES_ERROR;
				GCC_WARN_UNDECLARED_SELECTOR = YES;
				GCC_WARN_UNINITIALIZED_AUTOS = YES_AGGRESSIVE;
				GCC_WARN_UNUSED_FUNCTION = YES;
				GCC_WARN_UNUSED_VARIABLE = YES;
				MACOSX_DEPLOYMENT_TARGET = 10.14;
				MTL_ENABLE_DEBUG_INFO = NO;
				MTL_FAST_MATH = YES;
				SDKROOT = macosx;
			};
			name = Release;
		};
		84681F8921BFA2BC00FF8051 /* Debug */ = {
			isa = XCBuildConfiguration;
			buildSettings = {
				CLANG_CXX_LANGUAGE_STANDARD = "c++0x";
				CODE_SIGN_STYLE = Manual;
				DEVELOPMENT_TEAM = "";
				GCC_C_LANGUAGE_STANDARD = c11;
				HEADER_SEARCH_PATHS = (
					"grpc/**",
					"include/**",
				);
				PRODUCT_NAME = flatc;
				PROVISIONING_PROFILE_SPECIFIER = "";
			};
			name = Debug;
		};
		84681F8A21BFA2BC00FF8051 /* Release */ = {
			isa = XCBuildConfiguration;
			buildSettings = {
				CLANG_CXX_LANGUAGE_STANDARD = "c++0x";
				CODE_SIGN_STYLE = Manual;
				DEVELOPMENT_TEAM = "";
				GCC_C_LANGUAGE_STANDARD = c11;
				HEADER_SEARCH_PATHS = (
					"grpc/**",
					"include/**",
				);
				PRODUCT_NAME = flatc;
				PROVISIONING_PROFILE_SPECIFIER = "";
			};
			name = Release;
		};
/* End XCBuildConfiguration section */

/* Begin XCConfigurationList section */
		84681F7C21BFA2BC00FF8051 /* Build configuration list for PBXProject "Flatbuffers" */ = {
			isa = XCConfigurationList;
			buildConfigurations = (
				84681F8621BFA2BC00FF8051 /* Debug */,
				84681F8721BFA2BC00FF8051 /* Release */,
			);
			defaultConfigurationIsVisible = 0;
			defaultConfigurationName = Release;
		};
		84681F8821BFA2BC00FF8051 /* Build configuration list for PBXNativeTarget "Flatbuffers" */ = {
			isa = XCConfigurationList;
			buildConfigurations = (
				84681F8921BFA2BC00FF8051 /* Debug */,
				84681F8A21BFA2BC00FF8051 /* Release */,
			);
			defaultConfigurationIsVisible = 0;
			defaultConfigurationName = Release;
		};
/* End XCConfigurationList section */
	};
	rootObject = 84681F7921BFA2BC00FF8051 /* Project object */;
}
